
Microsoft Visual Studio Solution File, Format Version 12.00
# Visual Studio Version 16
VisualStudioVersion = 16.0.32413.511
MinimumVisualStudioVersion = 10.0.40219.1
Project("{FAE04EC0-301F-11D3-BF4B-00C04F79EFBC}") = "MVCProjeKampıUI", "MVCProjeKampıUI\MVCProjeKampıUI.csproj", "{F21068B7-BD01-423C-AC65-58FEA54FEA30}"
EndProject
Project("{FAE04EC0-301F-11D3-BF4B-00C04F79EFBC}") = "EntityLayer", "EntityLayer\EntityLayer.csproj", "{372D367E-463A-4422-AD5A-EF9DFC6DB50F}"
EndProject
Project("{FAE04EC0-301F-11D3-BF4B-00C04F79EFBC}") = "DataAccessLayer", "DataAccessLayer\DataAccessLayer.csproj", "{3F8BD288-1A46-4487-AEAE-00DA247D0F01}"
EndProject
Project("{FAE04EC0-301F-11D3-BF4B-00C04F79EFBC}") = "BusinessLayer", "BusinessLayer\BusinessLayer.csproj", "{EC4A282A-F7DB-43E9-912A-7A4BAA9D4856}"
EndProject
Global
	GlobalSection(SolutionConfigurationPlatforms) = preSolution
		Debug|Any CPU = Debug|Any CPU
		Release|Any CPU = Release|Any CPU
	EndGlobalSection
	GlobalSection(ProjectConfigurationPlatforms) = postSolution
		{F21068B7-BD01-423C-AC65-58FEA54FEA30}.Debug|Any CPU.ActiveCfg = Debug|Any CPU
		{F21068B7-BD01-423C-AC65-58FEA54FEA30}.Debug|Any CPU.Build.0 = Debug|Any CPU
		{F21068B7-BD01-423C-AC65-58FEA54FEA30}.Release|Any CPU.ActiveCfg = Release|Any CPU
		{F21068B7-BD01-423C-AC65-58FEA54FEA30}.Release|Any CPU.Build.0 = Release|Any CPU
		{372D367E-463A-4422-AD5A-EF9DFC6DB50F}.Debug|Any CPU.ActiveCfg = Debug|Any CPU
		{372D367E-463A-4422-AD5A-EF9DFC6DB50F}.Debug|Any CPU.Build.0 = Debug|Any CPU
		{372D367E-463A-4422-AD5A-EF9DFC6DB50F}.Release|Any CPU.ActiveCfg = Release|Any CPU
		{372D367E-463A-4422-AD5A-EF9DFC6DB50F}.Release|Any CPU.Build.0 = Release|Any CPU
		{3F8BD288-1A46-4487-AEAE-00DA247D0F01}.Debug|Any CPU.ActiveCfg = Debug|Any CPU
		{3F8BD288-1A46-4487-AEAE-00DA247D0F01}.Debug|Any CPU.Build.0 = Debug|Any CPU
		{3F8BD288-1A46-4487-AEAE-00DA247D0F01}.Release|Any CPU.ActiveCfg = Release|Any CPU
		{3F8BD288-1A46-4487-AEAE-00DA247D0F01}.Release|Any CPU.Build.0 = Release|Any CPU
		{EC4A282A-F7DB-43E9-912A-7A4BAA9D4856}.Debug|Any CPU.ActiveCfg = Debug|Any CPU
		{EC4A282A-F7DB-43E9-912A-7A4BAA9D4856}.Debug|Any CPU.Build.0 = Debug|Any CPU
		{EC4A282A-F7DB-43E9-912A-7A4BAA9D4856}.Release|Any CPU.ActiveCfg = Release|Any CPU
		{EC4A282A-F7DB-43E9-912A-7A4BAA9D4856}.Release|Any CPU.Build.0 = Release|Any CPU
	EndGlobalSection
	GlobalSection(SolutionProperties) = preSolution
		HideSolutionNode = FALSE
	EndGlobalSection
	GlobalSection(ExtensibilityGlobals) = postSolution
		SolutionGuid = {540DB686-665E-4591-AB69-A39CF2A05D4E}
	EndGlobalSection
EndGlobal
